
Microsoft Visual Studio Solution File, Format Version 12.00
# Visual Studio Version 16
VisualStudioVersion = 16.0.30128.74
MinimumVisualStudioVersion = 10.0.40219.1
Project("{FAE04EC0-301F-11D3-BF4B-00C04F79EFBC}") = "PlayGround", "PlayGround\PlayGround.csproj", "{D4FE0AFC-D321-49EB-B3B7-E164F4D42BED}"
EndProject
Project("{FAE04EC0-301F-11D3-BF4B-00C04F79EFBC}") = "LC_0223_RectangleArea", "0223_RectangleArea\LC_0223_RectangleArea.csproj", "{719CF9CE-D173-47B8-AD7A-861B834B50E0}"
EndProject
Global
	GlobalSection(SolutionConfigurationPlatforms) = preSolution
		Debug|Any CPU = Debug|Any CPU
		Release|Any CPU = Release|Any CPU
	EndGlobalSection
	GlobalSection(ProjectConfigurationPlatforms) = postSolution
		{D4FE0AFC-D321-49EB-B3B7-E164F4D42BED}.Debug|Any CPU.ActiveCfg = Debug|Any CPU
		{D4FE0AFC-D321-49EB-B3B7-E164F4D42BED}.Debug|Any CPU.Build.0 = Debug|Any CPU
		{D4FE0AFC-D321-49EB-B3B7-E164F4D42BED}.Release|Any CPU.ActiveCfg = Release|Any CPU
		{D4FE0AFC-D321-49EB-B3B7-E164F4D42BED}.Release|Any CPU.Build.0 = Release|Any CPU
		{719CF9CE-D173-47B8-AD7A-861B834B50E0}.Debug|Any CPU.ActiveCfg = Debug|Any CPU
		{719CF9CE-D173-47B8-AD7A-861B834B50E0}.Debug|Any CPU.Build.0 = Debug|Any CPU
		{719CF9CE-D173-47B8-AD7A-861B834B50E0}.Release|Any CPU.ActiveCfg = Release|Any CPU
		{719CF9CE-D173-47B8-AD7A-861B834B50E0}.Release|Any CPU.Build.0 = Release|Any CPU
	EndGlobalSection
	GlobalSection(SolutionProperties) = preSolution
		HideSolutionNode = FALSE
	EndGlobalSection
	GlobalSection(ExtensibilityGlobals) = postSolution
		SolutionGuid = {2B23AF06-815C-4098-BFBD-26622C4B6E59}
	EndGlobalSection
EndGlobal
