
Microsoft Visual Studio Solution File, Format Version 12.00
# Visual Studio Version 16
VisualStudioVersion = 16.0.30128.74
MinimumVisualStudioVersion = 10.0.40219.1
Project("{9A19103F-16F7-4668-BE54-9A1E7A4F7556}") = "PlayGround", "PlayGround\PlayGround.csproj", "{D4FE0AFC-D321-49EB-B3B7-E164F4D42BED}"
EndProject
Project("{9A19103F-16F7-4668-BE54-9A1E7A4F7556}") = "Lib_0223_RectangleArea", "Lib_0223_RectangleArea\Lib_0223_RectangleArea.csproj", "{575C2110-1A83-4E3A-A9D7-DD7B334A459D}"
EndProject
Project("{9A19103F-16F7-4668-BE54-9A1E7A4F7556}") = "Lib_0836_RectangleOverlap", "Lib_0836_RectangleOverlap\Lib_0836_RectangleOverlap.csproj", "{F585E199-E19C-42CD-8246-493CF9CF7AF4}"
EndProject
Project("{9A19103F-16F7-4668-BE54-9A1E7A4F7556}") = "Lib_0367_ValidPerfectSquare", "Lib_0367_ValidPerfectSquare\Lib_0367_ValidPerfectSquare.csproj", "{5B55BA38-E4AC-4ED3-B178-31B4825FB782}"
EndProject
Project("{9A19103F-16F7-4668-BE54-9A1E7A4F7556}") = "Lib_0069_SqrtX", "Lib_0069_SqrtX\Lib_0069_SqrtX.csproj", "{7785BD9F-98FB-4C71-BBCC-8F51085D3B0B}"
EndProject
Project("{9A19103F-16F7-4668-BE54-9A1E7A4F7556}") = "Algo_CSharp.Tests", "Algo_CSharp.Tests\Algo_CSharp.Tests.csproj", "{699C8624-2624-4AEF-BD54-E3B5840FAFFA}"
EndProject
Project("{9A19103F-16F7-4668-BE54-9A1E7A4F7556}") = "Lib_0344_ReverseString", "Lib_0344_ReverseString\Lib_0344_ReverseString.csproj", "{8FDC9301-9668-4636-883A-2A2F95141F16}"
EndProject
Project("{9A19103F-16F7-4668-BE54-9A1E7A4F7556}") = "Lib_0345_ReverseVowelsOfAString", "Lib_0345_ReverseVowelsOfAString\Lib_0345_ReverseVowelsOfAString.csproj", "{D261C26E-63BF-434C-97B0-7829171AADB3}"
EndProject
Project("{2150E333-8FDC-42A3-9474-1A3956D46DE8}") = "BinarySearch", "BinarySearch", "{25133A61-6822-4C20-9C7F-131F53531804}"
EndProject
Project("{9A19103F-16F7-4668-BE54-9A1E7A4F7556}") = "Performance_Test", "Performance_Test\Performance_Test.csproj", "{F0B3AEDA-13B8-4378-AFFE-EC1BE49377B0}"
EndProject
Project("{9A19103F-16F7-4668-BE54-9A1E7A4F7556}") = "Lib_0283_MoveZeroes", "Lib_0283_MoveZeroes\Lib_0283_MoveZeroes.csproj", "{4DE016AA-F8A3-4637-B045-D00B7D5C979E}"
EndProject
Project("{2150E333-8FDC-42A3-9474-1A3956D46DE8}") = "ArrayOperations", "ArrayOperations", "{DF5BB8FB-7A66-40D3-BCCB-0CF3D5661BA3}"
EndProject
Project("{2150E333-8FDC-42A3-9474-1A3956D46DE8}") = "LinkedList", "LinkedList", "{1BA23AFA-EA7E-463F-8E9C-AE303454E383}"
EndProject
Project("{9A19103F-16F7-4668-BE54-9A1E7A4F7556}") = "Lib_0021_MergeTwoSortedLists", "Lib_0021_MergeTwoSortedLists\Lib_0021_MergeTwoSortedLists.csproj", "{C14B3DC7-6E8E-48A2-8A32-31FCC07505A3}"
EndProject
Project("{9A19103F-16F7-4668-BE54-9A1E7A4F7556}") = "Lib_1290_ConvertBinaryNumberInALinkedListToInteger", "Lib_1290_ConvertBinaryNumberInALinkedListToInteger\Lib_1290_ConvertBinaryNumberInALinkedListToInteger.csproj", "{41097C2E-BBFB-42F4-A3B5-9C18471F86D2}"
EndProject
Project("{9A19103F-16F7-4668-BE54-9A1E7A4F7556}") = "Lib_0206_ReverseLinkedList", "Lib_0206_ReverseLinkedList\Lib_0206_ReverseLinkedList.csproj", "{02EAC64B-A8F6-425A-9AAD-C27A770239C8}"
EndProject
Project("{FAE04EC0-301F-11D3-BF4B-00C04F79EFBC}") = "Lib_0876_MiddleOfTheLinkedList", "Lib_0876_MiddleOfTheLinkedList\Lib_0876_MiddleOfTheLinkedList.csproj", "{6A7D6611-118E-4DD3-8FA3-CE3DF3485936}"
EndProject
Global
	GlobalSection(SolutionConfigurationPlatforms) = preSolution
		Debug|Any CPU = Debug|Any CPU
		Release|Any CPU = Release|Any CPU
	EndGlobalSection
	GlobalSection(ProjectConfigurationPlatforms) = postSolution
		{D4FE0AFC-D321-49EB-B3B7-E164F4D42BED}.Debug|Any CPU.ActiveCfg = Debug|Any CPU
		{D4FE0AFC-D321-49EB-B3B7-E164F4D42BED}.Debug|Any CPU.Build.0 = Debug|Any CPU
		{D4FE0AFC-D321-49EB-B3B7-E164F4D42BED}.Release|Any CPU.ActiveCfg = Release|Any CPU
		{D4FE0AFC-D321-49EB-B3B7-E164F4D42BED}.Release|Any CPU.Build.0 = Release|Any CPU
		{575C2110-1A83-4E3A-A9D7-DD7B334A459D}.Debug|Any CPU.ActiveCfg = Debug|Any CPU
		{575C2110-1A83-4E3A-A9D7-DD7B334A459D}.Debug|Any CPU.Build.0 = Debug|Any CPU
		{575C2110-1A83-4E3A-A9D7-DD7B334A459D}.Release|Any CPU.ActiveCfg = Release|Any CPU
		{575C2110-1A83-4E3A-A9D7-DD7B334A459D}.Release|Any CPU.Build.0 = Release|Any CPU
		{F585E199-E19C-42CD-8246-493CF9CF7AF4}.Debug|Any CPU.ActiveCfg = Debug|Any CPU
		{F585E199-E19C-42CD-8246-493CF9CF7AF4}.Debug|Any CPU.Build.0 = Debug|Any CPU
		{F585E199-E19C-42CD-8246-493CF9CF7AF4}.Release|Any CPU.ActiveCfg = Release|Any CPU
		{F585E199-E19C-42CD-8246-493CF9CF7AF4}.Release|Any CPU.Build.0 = Release|Any CPU
		{5B55BA38-E4AC-4ED3-B178-31B4825FB782}.Debug|Any CPU.ActiveCfg = Debug|Any CPU
		{5B55BA38-E4AC-4ED3-B178-31B4825FB782}.Debug|Any CPU.Build.0 = Debug|Any CPU
		{5B55BA38-E4AC-4ED3-B178-31B4825FB782}.Release|Any CPU.ActiveCfg = Release|Any CPU
		{5B55BA38-E4AC-4ED3-B178-31B4825FB782}.Release|Any CPU.Build.0 = Release|Any CPU
		{7785BD9F-98FB-4C71-BBCC-8F51085D3B0B}.Debug|Any CPU.ActiveCfg = Debug|Any CPU
		{7785BD9F-98FB-4C71-BBCC-8F51085D3B0B}.Debug|Any CPU.Build.0 = Debug|Any CPU
		{7785BD9F-98FB-4C71-BBCC-8F51085D3B0B}.Release|Any CPU.ActiveCfg = Release|Any CPU
		{7785BD9F-98FB-4C71-BBCC-8F51085D3B0B}.Release|Any CPU.Build.0 = Release|Any CPU
		{699C8624-2624-4AEF-BD54-E3B5840FAFFA}.Debug|Any CPU.ActiveCfg = Debug|Any CPU
		{699C8624-2624-4AEF-BD54-E3B5840FAFFA}.Debug|Any CPU.Build.0 = Debug|Any CPU
		{699C8624-2624-4AEF-BD54-E3B5840FAFFA}.Release|Any CPU.ActiveCfg = Release|Any CPU
		{699C8624-2624-4AEF-BD54-E3B5840FAFFA}.Release|Any CPU.Build.0 = Release|Any CPU
		{8FDC9301-9668-4636-883A-2A2F95141F16}.Debug|Any CPU.ActiveCfg = Debug|Any CPU
		{8FDC9301-9668-4636-883A-2A2F95141F16}.Debug|Any CPU.Build.0 = Debug|Any CPU
		{8FDC9301-9668-4636-883A-2A2F95141F16}.Release|Any CPU.ActiveCfg = Release|Any CPU
		{8FDC9301-9668-4636-883A-2A2F95141F16}.Release|Any CPU.Build.0 = Release|Any CPU
		{D261C26E-63BF-434C-97B0-7829171AADB3}.Debug|Any CPU.ActiveCfg = Debug|Any CPU
		{D261C26E-63BF-434C-97B0-7829171AADB3}.Debug|Any CPU.Build.0 = Debug|Any CPU
		{D261C26E-63BF-434C-97B0-7829171AADB3}.Release|Any CPU.ActiveCfg = Release|Any CPU
		{D261C26E-63BF-434C-97B0-7829171AADB3}.Release|Any CPU.Build.0 = Release|Any CPU
		{F0B3AEDA-13B8-4378-AFFE-EC1BE49377B0}.Debug|Any CPU.ActiveCfg = Debug|Any CPU
		{F0B3AEDA-13B8-4378-AFFE-EC1BE49377B0}.Debug|Any CPU.Build.0 = Debug|Any CPU
		{F0B3AEDA-13B8-4378-AFFE-EC1BE49377B0}.Release|Any CPU.ActiveCfg = Release|Any CPU
		{F0B3AEDA-13B8-4378-AFFE-EC1BE49377B0}.Release|Any CPU.Build.0 = Release|Any CPU
		{4DE016AA-F8A3-4637-B045-D00B7D5C979E}.Debug|Any CPU.ActiveCfg = Debug|Any CPU
		{4DE016AA-F8A3-4637-B045-D00B7D5C979E}.Debug|Any CPU.Build.0 = Debug|Any CPU
		{4DE016AA-F8A3-4637-B045-D00B7D5C979E}.Release|Any CPU.ActiveCfg = Release|Any CPU
		{4DE016AA-F8A3-4637-B045-D00B7D5C979E}.Release|Any CPU.Build.0 = Release|Any CPU
		{C14B3DC7-6E8E-48A2-8A32-31FCC07505A3}.Debug|Any CPU.ActiveCfg = Debug|Any CPU
		{C14B3DC7-6E8E-48A2-8A32-31FCC07505A3}.Debug|Any CPU.Build.0 = Debug|Any CPU
		{C14B3DC7-6E8E-48A2-8A32-31FCC07505A3}.Release|Any CPU.ActiveCfg = Release|Any CPU
		{C14B3DC7-6E8E-48A2-8A32-31FCC07505A3}.Release|Any CPU.Build.0 = Release|Any CPU
		{41097C2E-BBFB-42F4-A3B5-9C18471F86D2}.Debug|Any CPU.ActiveCfg = Debug|Any CPU
		{41097C2E-BBFB-42F4-A3B5-9C18471F86D2}.Debug|Any CPU.Build.0 = Debug|Any CPU
		{41097C2E-BBFB-42F4-A3B5-9C18471F86D2}.Release|Any CPU.ActiveCfg = Release|Any CPU
		{41097C2E-BBFB-42F4-A3B5-9C18471F86D2}.Release|Any CPU.Build.0 = Release|Any CPU
		{02EAC64B-A8F6-425A-9AAD-C27A770239C8}.Debug|Any CPU.ActiveCfg = Debug|Any CPU
		{02EAC64B-A8F6-425A-9AAD-C27A770239C8}.Debug|Any CPU.Build.0 = Debug|Any CPU
		{02EAC64B-A8F6-425A-9AAD-C27A770239C8}.Release|Any CPU.ActiveCfg = Release|Any CPU
		{02EAC64B-A8F6-425A-9AAD-C27A770239C8}.Release|Any CPU.Build.0 = Release|Any CPU
		{6A7D6611-118E-4DD3-8FA3-CE3DF3485936}.Debug|Any CPU.ActiveCfg = Debug|Any CPU
		{6A7D6611-118E-4DD3-8FA3-CE3DF3485936}.Debug|Any CPU.Build.0 = Debug|Any CPU
		{6A7D6611-118E-4DD3-8FA3-CE3DF3485936}.Release|Any CPU.ActiveCfg = Release|Any CPU
		{6A7D6611-118E-4DD3-8FA3-CE3DF3485936}.Release|Any CPU.Build.0 = Release|Any CPU
	EndGlobalSection
	GlobalSection(SolutionProperties) = preSolution
		HideSolutionNode = FALSE
	EndGlobalSection
	GlobalSection(NestedProjects) = preSolution
		{7785BD9F-98FB-4C71-BBCC-8F51085D3B0B} = {25133A61-6822-4C20-9C7F-131F53531804}
		{4DE016AA-F8A3-4637-B045-D00B7D5C979E} = {DF5BB8FB-7A66-40D3-BCCB-0CF3D5661BA3}
		{C14B3DC7-6E8E-48A2-8A32-31FCC07505A3} = {1BA23AFA-EA7E-463F-8E9C-AE303454E383}
		{41097C2E-BBFB-42F4-A3B5-9C18471F86D2} = {1BA23AFA-EA7E-463F-8E9C-AE303454E383}
		{02EAC64B-A8F6-425A-9AAD-C27A770239C8} = {1BA23AFA-EA7E-463F-8E9C-AE303454E383}
		{6A7D6611-118E-4DD3-8FA3-CE3DF3485936} = {1BA23AFA-EA7E-463F-8E9C-AE303454E383}
	EndGlobalSection
	GlobalSection(ExtensibilityGlobals) = postSolution
		SolutionGuid = {2B23AF06-815C-4098-BFBD-26622C4B6E59}
	EndGlobalSection
EndGlobal
