
Microsoft Visual Studio Solution File, Format Version 12.00
# Visual Studio Version 16
VisualStudioVersion = 16.0.30128.74
MinimumVisualStudioVersion = 10.0.40219.1
Project("{9A19103F-16F7-4668-BE54-9A1E7A4F7556}") = "PlayGround", "PlayGround\PlayGround.csproj", "{D4FE0AFC-D321-49EB-B3B7-E164F4D42BED}"
EndProject
Project("{9A19103F-16F7-4668-BE54-9A1E7A4F7556}") = "Lib_0223_RectangleArea", "Lib_0223_RectangleArea\Lib_0223_RectangleArea.csproj", "{575C2110-1A83-4E3A-A9D7-DD7B334A459D}"
EndProject
Project("{9A19103F-16F7-4668-BE54-9A1E7A4F7556}") = "Lib_0836_RectangleOverlap", "Lib_0836_RectangleOverlap\Lib_0836_RectangleOverlap.csproj", "{F585E199-E19C-42CD-8246-493CF9CF7AF4}"
EndProject
Project("{9A19103F-16F7-4668-BE54-9A1E7A4F7556}") = "Lib_0367_ValidPerfectSquare", "Lib_0367_ValidPerfectSquare\Lib_0367_ValidPerfectSquare.csproj", "{5B55BA38-E4AC-4ED3-B178-31B4825FB782}"
EndProject
Project("{9A19103F-16F7-4668-BE54-9A1E7A4F7556}") = "Lib_0069_SqrtX", "Lib_0069_SqrtX\Lib_0069_SqrtX.csproj", "{7785BD9F-98FB-4C71-BBCC-8F51085D3B0B}"
EndProject
Project("{9A19103F-16F7-4668-BE54-9A1E7A4F7556}") = "Algo_CSharp.Tests", "Algo_CSharp.Tests\Algo_CSharp.Tests.csproj", "{699C8624-2624-4AEF-BD54-E3B5840FAFFA}"
EndProject
Project("{9A19103F-16F7-4668-BE54-9A1E7A4F7556}") = "Lib_0344_ReverseString", "Lib_0344_ReverseString\Lib_0344_ReverseString.csproj", "{8FDC9301-9668-4636-883A-2A2F95141F16}"
EndProject
Project("{9A19103F-16F7-4668-BE54-9A1E7A4F7556}") = "Lib_0345_ReverseVowelsOfAString", "Lib_0345_ReverseVowelsOfAString\Lib_0345_ReverseVowelsOfAString.csproj", "{D261C26E-63BF-434C-97B0-7829171AADB3}"
EndProject
Project("{2150E333-8FDC-42A3-9474-1A3956D46DE8}") = "BinarySearch", "BinarySearch", "{25133A61-6822-4C20-9C7F-131F53531804}"
EndProject
Project("{9A19103F-16F7-4668-BE54-9A1E7A4F7556}") = "Performance_Test", "Performance_Test\Performance_Test.csproj", "{F0B3AEDA-13B8-4378-AFFE-EC1BE49377B0}"
EndProject
Project("{9A19103F-16F7-4668-BE54-9A1E7A4F7556}") = "Lib_0283_MoveZeroes", "Lib_0283_MoveZeroes\Lib_0283_MoveZeroes.csproj", "{4DE016AA-F8A3-4637-B045-D00B7D5C979E}"
EndProject
Project("{2150E333-8FDC-42A3-9474-1A3956D46DE8}") = "ArrayOperations", "ArrayOperations", "{DF5BB8FB-7A66-40D3-BCCB-0CF3D5661BA3}"
EndProject
Project("{2150E333-8FDC-42A3-9474-1A3956D46DE8}") = "LinkedList", "LinkedList", "{1BA23AFA-EA7E-463F-8E9C-AE303454E383}"
EndProject
Project("{9A19103F-16F7-4668-BE54-9A1E7A4F7556}") = "Lib_0021_MergeTwoSortedLists", "Lib_0021_MergeTwoSortedLists\Lib_0021_MergeTwoSortedLists.csproj", "{C14B3DC7-6E8E-48A2-8A32-31FCC07505A3}"
EndProject
Project("{9A19103F-16F7-4668-BE54-9A1E7A4F7556}") = "Lib_1290_ConvertBinaryNumberInALinkedListToInteger", "Lib_1290_ConvertBinaryNumberInALinkedListToInteger\Lib_1290_ConvertBinaryNumberInALinkedListToInteger.csproj", "{41097C2E-BBFB-42F4-A3B5-9C18471F86D2}"
EndProject
Project("{9A19103F-16F7-4668-BE54-9A1E7A4F7556}") = "Lib_0206_ReverseLinkedList", "Lib_0206_ReverseLinkedList\Lib_0206_ReverseLinkedList.csproj", "{02EAC64B-A8F6-425A-9AAD-C27A770239C8}"
EndProject
Project("{9A19103F-16F7-4668-BE54-9A1E7A4F7556}") = "Lib_0876_MiddleOfTheLinkedList", "Lib_0876_MiddleOfTheLinkedList\Lib_0876_MiddleOfTheLinkedList.csproj", "{6A7D6611-118E-4DD3-8FA3-CE3DF3485936}"
EndProject
Project("{9A19103F-16F7-4668-BE54-9A1E7A4F7556}") = "Lib_0203_RemoveLinkedListElements", "Lib_0203_RemoveLinkedListElements\Lib_0203_RemoveLinkedListElements.csproj", "{03B8112B-2E1A-44EB-8714-EBD64B8411BF}"
EndProject
Project("{2150E333-8FDC-42A3-9474-1A3956D46DE8}") = "Recursion", "Recursion", "{C9D7BD93-AF3E-435C-BDDC-D72206BB2F8C}"
EndProject
Project("{9A19103F-16F7-4668-BE54-9A1E7A4F7556}") = "Lib_0509_FibonacciNumber", "Lib_0509_FibonacciNumber\Lib_0509_FibonacciNumber.csproj", "{D8E14B33-F69B-44EC-8409-A6A27D51F67B}"
EndProject
Project("{9A19103F-16F7-4668-BE54-9A1E7A4F7556}") = "Lib_0092_ReverseLinkedList_II", "Lib_0092_ReverseLinkedList_II\Lib_0092_ReverseLinkedList_II.csproj", "{ACE81F91-7AD7-40FA-804C-85D8190E9711}"
EndProject
Project("{9A19103F-16F7-4668-BE54-9A1E7A4F7556}") = "Lib_0023_MergeKSortedLists", "Lib_0023_MergeKSortedLists\Lib_0023_MergeKSortedLists.csproj", "{2BD70A3E-6963-4B73-A9E2-5A3A983475A5}"
EndProject
Project("{2150E333-8FDC-42A3-9474-1A3956D46DE8}") = "Stack", "Stack", "{809A1135-B500-429F-BF37-64ED1BA65518}"
EndProject
Project("{9A19103F-16F7-4668-BE54-9A1E7A4F7556}") = "Lib_1381_DesignAStackWithIncrementOperation", "Lib_1381_DesignAStackWithIncrementOperation\Lib_1381_DesignAStackWithIncrementOperation.csproj", "{F77D2444-978F-4A63-99DC-06889091018B}"
EndProject
Project("{9A19103F-16F7-4668-BE54-9A1E7A4F7556}") = "Lib_0150_EvaluateReversePolishNotation", "Lib_0150_EvaluateReversePolishNotation\Lib_0150_EvaluateReversePolishNotation.csproj", "{84C8D212-70F3-42D9-8FD3-4B44C845BF1D}"
EndProject
Project("{2150E333-8FDC-42A3-9474-1A3956D46DE8}") = "Queue", "Queue", "{ED165BB3-A80D-4A52-9001-2773E66F84C0}"
EndProject
Project("{9A19103F-16F7-4668-BE54-9A1E7A4F7556}") = "Lib_0622_DesignCircularQueue", "Lib_0622_DesignCircularQueue\Lib_0622_DesignCircularQueue.csproj", "{DA03E7D3-5312-430C-9B39-85DC8596C989}"
EndProject
Project("{2150E333-8FDC-42A3-9474-1A3956D46DE8}") = "String", "String", "{466FD76D-F9AD-43A0-8C8A-F0102D513E23}"
EndProject
Project("{9A19103F-16F7-4668-BE54-9A1E7A4F7556}") = "Lib_0028_ImplementStrStr", "Lib_0028_ImplementStrStr\Lib_0028_ImplementStrStr.csproj", "{979C8301-6782-4814-BACC-94FE79C4C629}"
EndProject
Project("{2150E333-8FDC-42A3-9474-1A3956D46DE8}") = "Tree", "Tree", "{5C359990-7D12-41B6-9129-A1DA1F550D44}"
EndProject
Project("{9A19103F-16F7-4668-BE54-9A1E7A4F7556}") = "Lib_0938_RangeSumOfBST", "Lib_0938_RangeSumOfBST\Lib_0938_RangeSumOfBST.csproj", "{320B5A37-6D80-4F87-AF77-DBDF3BFA43B2}"
EndProject
Project("{9A19103F-16F7-4668-BE54-9A1E7A4F7556}") = "Lib_0108_ConvertSortedArrayToBST", "Lib_0108_ConvertSortedArrayToBST\Lib_0108_ConvertSortedArrayToBST.csproj", "{5753F4AD-5380-4D42-A305-D68739A5F530}"
EndProject
Project("{9A19103F-16F7-4668-BE54-9A1E7A4F7556}") = "Lib_0617_MergeTwoBinaryTrees", "Lib_0617_MergeTwoBinaryTrees\Lib_0617_MergeTwoBinaryTrees.csproj", "{3EF16983-69B4-46B0-89DF-93F10C45C9C8}"
EndProject
Project("{9A19103F-16F7-4668-BE54-9A1E7A4F7556}") = "Lib_0700_SearchInABinarySearchTree", "Lib_0700_SearchInABinarySearchTree\Lib_0700_SearchInABinarySearchTree.csproj", "{7DACA50C-F8F4-4D9A-89D4-D253013D59E5}"
EndProject
Project("{9A19103F-16F7-4668-BE54-9A1E7A4F7556}") = "Lib_0144_BinaryTreePreorderTraversal", "Lib_0144_BinaryTreePreorderTraversal\Lib_0144_BinaryTreePreorderTraversal.csproj", "{31F05AE9-F11C-4845-B08D-49E2C0ED17A4}"
EndProject
Project("{FAE04EC0-301F-11D3-BF4B-00C04F79EFBC}") = "Lib_0094_BinaryTreeInorderTraversal", "Lib_0094_BinaryTreeInorderTraversal\Lib_0094_BinaryTreeInorderTraversal.csproj", "{5CFEC7FF-8983-4A64-BC34-B0178A7224A9}"
EndProject
Project("{FAE04EC0-301F-11D3-BF4B-00C04F79EFBC}") = "Lib_0145_BinaryTreePostorderTraversal", "Lib_0145_BinaryTreePostorderTraversal\Lib_0145_BinaryTreePostorderTraversal.csproj", "{8F02969A-7DC9-483C-B6D1-DF853F189EEC}"
EndProject
Global
	GlobalSection(SolutionConfigurationPlatforms) = preSolution
		Debug|Any CPU = Debug|Any CPU
		Release|Any CPU = Release|Any CPU
	EndGlobalSection
	GlobalSection(ProjectConfigurationPlatforms) = postSolution
		{D4FE0AFC-D321-49EB-B3B7-E164F4D42BED}.Debug|Any CPU.ActiveCfg = Debug|Any CPU
		{D4FE0AFC-D321-49EB-B3B7-E164F4D42BED}.Debug|Any CPU.Build.0 = Debug|Any CPU
		{D4FE0AFC-D321-49EB-B3B7-E164F4D42BED}.Release|Any CPU.ActiveCfg = Release|Any CPU
		{D4FE0AFC-D321-49EB-B3B7-E164F4D42BED}.Release|Any CPU.Build.0 = Release|Any CPU
		{575C2110-1A83-4E3A-A9D7-DD7B334A459D}.Debug|Any CPU.ActiveCfg = Debug|Any CPU
		{575C2110-1A83-4E3A-A9D7-DD7B334A459D}.Debug|Any CPU.Build.0 = Debug|Any CPU
		{575C2110-1A83-4E3A-A9D7-DD7B334A459D}.Release|Any CPU.ActiveCfg = Release|Any CPU
		{575C2110-1A83-4E3A-A9D7-DD7B334A459D}.Release|Any CPU.Build.0 = Release|Any CPU
		{F585E199-E19C-42CD-8246-493CF9CF7AF4}.Debug|Any CPU.ActiveCfg = Debug|Any CPU
		{F585E199-E19C-42CD-8246-493CF9CF7AF4}.Debug|Any CPU.Build.0 = Debug|Any CPU
		{F585E199-E19C-42CD-8246-493CF9CF7AF4}.Release|Any CPU.ActiveCfg = Release|Any CPU
		{F585E199-E19C-42CD-8246-493CF9CF7AF4}.Release|Any CPU.Build.0 = Release|Any CPU
		{5B55BA38-E4AC-4ED3-B178-31B4825FB782}.Debug|Any CPU.ActiveCfg = Debug|Any CPU
		{5B55BA38-E4AC-4ED3-B178-31B4825FB782}.Debug|Any CPU.Build.0 = Debug|Any CPU
		{5B55BA38-E4AC-4ED3-B178-31B4825FB782}.Release|Any CPU.ActiveCfg = Release|Any CPU
		{5B55BA38-E4AC-4ED3-B178-31B4825FB782}.Release|Any CPU.Build.0 = Release|Any CPU
		{7785BD9F-98FB-4C71-BBCC-8F51085D3B0B}.Debug|Any CPU.ActiveCfg = Debug|Any CPU
		{7785BD9F-98FB-4C71-BBCC-8F51085D3B0B}.Debug|Any CPU.Build.0 = Debug|Any CPU
		{7785BD9F-98FB-4C71-BBCC-8F51085D3B0B}.Release|Any CPU.ActiveCfg = Release|Any CPU
		{7785BD9F-98FB-4C71-BBCC-8F51085D3B0B}.Release|Any CPU.Build.0 = Release|Any CPU
		{699C8624-2624-4AEF-BD54-E3B5840FAFFA}.Debug|Any CPU.ActiveCfg = Debug|Any CPU
		{699C8624-2624-4AEF-BD54-E3B5840FAFFA}.Debug|Any CPU.Build.0 = Debug|Any CPU
		{699C8624-2624-4AEF-BD54-E3B5840FAFFA}.Release|Any CPU.ActiveCfg = Release|Any CPU
		{699C8624-2624-4AEF-BD54-E3B5840FAFFA}.Release|Any CPU.Build.0 = Release|Any CPU
		{8FDC9301-9668-4636-883A-2A2F95141F16}.Debug|Any CPU.ActiveCfg = Debug|Any CPU
		{8FDC9301-9668-4636-883A-2A2F95141F16}.Debug|Any CPU.Build.0 = Debug|Any CPU
		{8FDC9301-9668-4636-883A-2A2F95141F16}.Release|Any CPU.ActiveCfg = Release|Any CPU
		{8FDC9301-9668-4636-883A-2A2F95141F16}.Release|Any CPU.Build.0 = Release|Any CPU
		{D261C26E-63BF-434C-97B0-7829171AADB3}.Debug|Any CPU.ActiveCfg = Debug|Any CPU
		{D261C26E-63BF-434C-97B0-7829171AADB3}.Debug|Any CPU.Build.0 = Debug|Any CPU
		{D261C26E-63BF-434C-97B0-7829171AADB3}.Release|Any CPU.ActiveCfg = Release|Any CPU
		{D261C26E-63BF-434C-97B0-7829171AADB3}.Release|Any CPU.Build.0 = Release|Any CPU
		{F0B3AEDA-13B8-4378-AFFE-EC1BE49377B0}.Debug|Any CPU.ActiveCfg = Debug|Any CPU
		{F0B3AEDA-13B8-4378-AFFE-EC1BE49377B0}.Debug|Any CPU.Build.0 = Debug|Any CPU
		{F0B3AEDA-13B8-4378-AFFE-EC1BE49377B0}.Release|Any CPU.ActiveCfg = Release|Any CPU
		{F0B3AEDA-13B8-4378-AFFE-EC1BE49377B0}.Release|Any CPU.Build.0 = Release|Any CPU
		{4DE016AA-F8A3-4637-B045-D00B7D5C979E}.Debug|Any CPU.ActiveCfg = Debug|Any CPU
		{4DE016AA-F8A3-4637-B045-D00B7D5C979E}.Debug|Any CPU.Build.0 = Debug|Any CPU
		{4DE016AA-F8A3-4637-B045-D00B7D5C979E}.Release|Any CPU.ActiveCfg = Release|Any CPU
		{4DE016AA-F8A3-4637-B045-D00B7D5C979E}.Release|Any CPU.Build.0 = Release|Any CPU
		{C14B3DC7-6E8E-48A2-8A32-31FCC07505A3}.Debug|Any CPU.ActiveCfg = Debug|Any CPU
		{C14B3DC7-6E8E-48A2-8A32-31FCC07505A3}.Debug|Any CPU.Build.0 = Debug|Any CPU
		{C14B3DC7-6E8E-48A2-8A32-31FCC07505A3}.Release|Any CPU.ActiveCfg = Release|Any CPU
		{C14B3DC7-6E8E-48A2-8A32-31FCC07505A3}.Release|Any CPU.Build.0 = Release|Any CPU
		{41097C2E-BBFB-42F4-A3B5-9C18471F86D2}.Debug|Any CPU.ActiveCfg = Debug|Any CPU
		{41097C2E-BBFB-42F4-A3B5-9C18471F86D2}.Debug|Any CPU.Build.0 = Debug|Any CPU
		{41097C2E-BBFB-42F4-A3B5-9C18471F86D2}.Release|Any CPU.ActiveCfg = Release|Any CPU
		{41097C2E-BBFB-42F4-A3B5-9C18471F86D2}.Release|Any CPU.Build.0 = Release|Any CPU
		{02EAC64B-A8F6-425A-9AAD-C27A770239C8}.Debug|Any CPU.ActiveCfg = Debug|Any CPU
		{02EAC64B-A8F6-425A-9AAD-C27A770239C8}.Debug|Any CPU.Build.0 = Debug|Any CPU
		{02EAC64B-A8F6-425A-9AAD-C27A770239C8}.Release|Any CPU.ActiveCfg = Release|Any CPU
		{02EAC64B-A8F6-425A-9AAD-C27A770239C8}.Release|Any CPU.Build.0 = Release|Any CPU
		{6A7D6611-118E-4DD3-8FA3-CE3DF3485936}.Debug|Any CPU.ActiveCfg = Debug|Any CPU
		{6A7D6611-118E-4DD3-8FA3-CE3DF3485936}.Debug|Any CPU.Build.0 = Debug|Any CPU
		{6A7D6611-118E-4DD3-8FA3-CE3DF3485936}.Release|Any CPU.ActiveCfg = Release|Any CPU
		{6A7D6611-118E-4DD3-8FA3-CE3DF3485936}.Release|Any CPU.Build.0 = Release|Any CPU
		{03B8112B-2E1A-44EB-8714-EBD64B8411BF}.Debug|Any CPU.ActiveCfg = Debug|Any CPU
		{03B8112B-2E1A-44EB-8714-EBD64B8411BF}.Debug|Any CPU.Build.0 = Debug|Any CPU
		{03B8112B-2E1A-44EB-8714-EBD64B8411BF}.Release|Any CPU.ActiveCfg = Release|Any CPU
		{03B8112B-2E1A-44EB-8714-EBD64B8411BF}.Release|Any CPU.Build.0 = Release|Any CPU
		{D8E14B33-F69B-44EC-8409-A6A27D51F67B}.Debug|Any CPU.ActiveCfg = Debug|Any CPU
		{D8E14B33-F69B-44EC-8409-A6A27D51F67B}.Debug|Any CPU.Build.0 = Debug|Any CPU
		{D8E14B33-F69B-44EC-8409-A6A27D51F67B}.Release|Any CPU.ActiveCfg = Release|Any CPU
		{D8E14B33-F69B-44EC-8409-A6A27D51F67B}.Release|Any CPU.Build.0 = Release|Any CPU
		{ACE81F91-7AD7-40FA-804C-85D8190E9711}.Debug|Any CPU.ActiveCfg = Debug|Any CPU
		{ACE81F91-7AD7-40FA-804C-85D8190E9711}.Debug|Any CPU.Build.0 = Debug|Any CPU
		{ACE81F91-7AD7-40FA-804C-85D8190E9711}.Release|Any CPU.ActiveCfg = Release|Any CPU
		{ACE81F91-7AD7-40FA-804C-85D8190E9711}.Release|Any CPU.Build.0 = Release|Any CPU
		{2BD70A3E-6963-4B73-A9E2-5A3A983475A5}.Debug|Any CPU.ActiveCfg = Debug|Any CPU
		{2BD70A3E-6963-4B73-A9E2-5A3A983475A5}.Debug|Any CPU.Build.0 = Debug|Any CPU
		{2BD70A3E-6963-4B73-A9E2-5A3A983475A5}.Release|Any CPU.ActiveCfg = Release|Any CPU
		{2BD70A3E-6963-4B73-A9E2-5A3A983475A5}.Release|Any CPU.Build.0 = Release|Any CPU
		{F77D2444-978F-4A63-99DC-06889091018B}.Debug|Any CPU.ActiveCfg = Debug|Any CPU
		{F77D2444-978F-4A63-99DC-06889091018B}.Debug|Any CPU.Build.0 = Debug|Any CPU
		{F77D2444-978F-4A63-99DC-06889091018B}.Release|Any CPU.ActiveCfg = Release|Any CPU
		{F77D2444-978F-4A63-99DC-06889091018B}.Release|Any CPU.Build.0 = Release|Any CPU
		{84C8D212-70F3-42D9-8FD3-4B44C845BF1D}.Debug|Any CPU.ActiveCfg = Debug|Any CPU
		{84C8D212-70F3-42D9-8FD3-4B44C845BF1D}.Debug|Any CPU.Build.0 = Debug|Any CPU
		{84C8D212-70F3-42D9-8FD3-4B44C845BF1D}.Release|Any CPU.ActiveCfg = Release|Any CPU
		{84C8D212-70F3-42D9-8FD3-4B44C845BF1D}.Release|Any CPU.Build.0 = Release|Any CPU
		{DA03E7D3-5312-430C-9B39-85DC8596C989}.Debug|Any CPU.ActiveCfg = Debug|Any CPU
		{DA03E7D3-5312-430C-9B39-85DC8596C989}.Debug|Any CPU.Build.0 = Debug|Any CPU
		{DA03E7D3-5312-430C-9B39-85DC8596C989}.Release|Any CPU.ActiveCfg = Release|Any CPU
		{DA03E7D3-5312-430C-9B39-85DC8596C989}.Release|Any CPU.Build.0 = Release|Any CPU
		{979C8301-6782-4814-BACC-94FE79C4C629}.Debug|Any CPU.ActiveCfg = Debug|Any CPU
		{979C8301-6782-4814-BACC-94FE79C4C629}.Debug|Any CPU.Build.0 = Debug|Any CPU
		{979C8301-6782-4814-BACC-94FE79C4C629}.Release|Any CPU.ActiveCfg = Release|Any CPU
		{979C8301-6782-4814-BACC-94FE79C4C629}.Release|Any CPU.Build.0 = Release|Any CPU
		{320B5A37-6D80-4F87-AF77-DBDF3BFA43B2}.Debug|Any CPU.ActiveCfg = Debug|Any CPU
		{320B5A37-6D80-4F87-AF77-DBDF3BFA43B2}.Debug|Any CPU.Build.0 = Debug|Any CPU
		{320B5A37-6D80-4F87-AF77-DBDF3BFA43B2}.Release|Any CPU.ActiveCfg = Release|Any CPU
		{320B5A37-6D80-4F87-AF77-DBDF3BFA43B2}.Release|Any CPU.Build.0 = Release|Any CPU
		{5753F4AD-5380-4D42-A305-D68739A5F530}.Debug|Any CPU.ActiveCfg = Debug|Any CPU
		{5753F4AD-5380-4D42-A305-D68739A5F530}.Debug|Any CPU.Build.0 = Debug|Any CPU
		{5753F4AD-5380-4D42-A305-D68739A5F530}.Release|Any CPU.ActiveCfg = Release|Any CPU
		{5753F4AD-5380-4D42-A305-D68739A5F530}.Release|Any CPU.Build.0 = Release|Any CPU
		{3EF16983-69B4-46B0-89DF-93F10C45C9C8}.Debug|Any CPU.ActiveCfg = Debug|Any CPU
		{3EF16983-69B4-46B0-89DF-93F10C45C9C8}.Debug|Any CPU.Build.0 = Debug|Any CPU
		{3EF16983-69B4-46B0-89DF-93F10C45C9C8}.Release|Any CPU.ActiveCfg = Release|Any CPU
		{3EF16983-69B4-46B0-89DF-93F10C45C9C8}.Release|Any CPU.Build.0 = Release|Any CPU
		{7DACA50C-F8F4-4D9A-89D4-D253013D59E5}.Debug|Any CPU.ActiveCfg = Debug|Any CPU
		{7DACA50C-F8F4-4D9A-89D4-D253013D59E5}.Debug|Any CPU.Build.0 = Debug|Any CPU
		{7DACA50C-F8F4-4D9A-89D4-D253013D59E5}.Release|Any CPU.ActiveCfg = Release|Any CPU
		{7DACA50C-F8F4-4D9A-89D4-D253013D59E5}.Release|Any CPU.Build.0 = Release|Any CPU
		{31F05AE9-F11C-4845-B08D-49E2C0ED17A4}.Debug|Any CPU.ActiveCfg = Debug|Any CPU
		{31F05AE9-F11C-4845-B08D-49E2C0ED17A4}.Debug|Any CPU.Build.0 = Debug|Any CPU
		{31F05AE9-F11C-4845-B08D-49E2C0ED17A4}.Release|Any CPU.ActiveCfg = Release|Any CPU
		{31F05AE9-F11C-4845-B08D-49E2C0ED17A4}.Release|Any CPU.Build.0 = Release|Any CPU
		{5CFEC7FF-8983-4A64-BC34-B0178A7224A9}.Debug|Any CPU.ActiveCfg = Debug|Any CPU
		{5CFEC7FF-8983-4A64-BC34-B0178A7224A9}.Debug|Any CPU.Build.0 = Debug|Any CPU
		{5CFEC7FF-8983-4A64-BC34-B0178A7224A9}.Release|Any CPU.ActiveCfg = Release|Any CPU
		{5CFEC7FF-8983-4A64-BC34-B0178A7224A9}.Release|Any CPU.Build.0 = Release|Any CPU
		{8F02969A-7DC9-483C-B6D1-DF853F189EEC}.Debug|Any CPU.ActiveCfg = Debug|Any CPU
		{8F02969A-7DC9-483C-B6D1-DF853F189EEC}.Debug|Any CPU.Build.0 = Debug|Any CPU
		{8F02969A-7DC9-483C-B6D1-DF853F189EEC}.Release|Any CPU.ActiveCfg = Release|Any CPU
		{8F02969A-7DC9-483C-B6D1-DF853F189EEC}.Release|Any CPU.Build.0 = Release|Any CPU
	EndGlobalSection
	GlobalSection(SolutionProperties) = preSolution
		HideSolutionNode = FALSE
	EndGlobalSection
	GlobalSection(NestedProjects) = preSolution
		{7785BD9F-98FB-4C71-BBCC-8F51085D3B0B} = {25133A61-6822-4C20-9C7F-131F53531804}
		{4DE016AA-F8A3-4637-B045-D00B7D5C979E} = {DF5BB8FB-7A66-40D3-BCCB-0CF3D5661BA3}
		{C14B3DC7-6E8E-48A2-8A32-31FCC07505A3} = {1BA23AFA-EA7E-463F-8E9C-AE303454E383}
		{41097C2E-BBFB-42F4-A3B5-9C18471F86D2} = {1BA23AFA-EA7E-463F-8E9C-AE303454E383}
		{02EAC64B-A8F6-425A-9AAD-C27A770239C8} = {1BA23AFA-EA7E-463F-8E9C-AE303454E383}
		{6A7D6611-118E-4DD3-8FA3-CE3DF3485936} = {1BA23AFA-EA7E-463F-8E9C-AE303454E383}
		{03B8112B-2E1A-44EB-8714-EBD64B8411BF} = {1BA23AFA-EA7E-463F-8E9C-AE303454E383}
		{D8E14B33-F69B-44EC-8409-A6A27D51F67B} = {C9D7BD93-AF3E-435C-BDDC-D72206BB2F8C}
		{ACE81F91-7AD7-40FA-804C-85D8190E9711} = {1BA23AFA-EA7E-463F-8E9C-AE303454E383}
		{2BD70A3E-6963-4B73-A9E2-5A3A983475A5} = {1BA23AFA-EA7E-463F-8E9C-AE303454E383}
		{F77D2444-978F-4A63-99DC-06889091018B} = {809A1135-B500-429F-BF37-64ED1BA65518}
		{84C8D212-70F3-42D9-8FD3-4B44C845BF1D} = {809A1135-B500-429F-BF37-64ED1BA65518}
		{DA03E7D3-5312-430C-9B39-85DC8596C989} = {ED165BB3-A80D-4A52-9001-2773E66F84C0}
		{979C8301-6782-4814-BACC-94FE79C4C629} = {466FD76D-F9AD-43A0-8C8A-F0102D513E23}
		{320B5A37-6D80-4F87-AF77-DBDF3BFA43B2} = {5C359990-7D12-41B6-9129-A1DA1F550D44}
		{5753F4AD-5380-4D42-A305-D68739A5F530} = {5C359990-7D12-41B6-9129-A1DA1F550D44}
		{3EF16983-69B4-46B0-89DF-93F10C45C9C8} = {5C359990-7D12-41B6-9129-A1DA1F550D44}
		{7DACA50C-F8F4-4D9A-89D4-D253013D59E5} = {5C359990-7D12-41B6-9129-A1DA1F550D44}
		{31F05AE9-F11C-4845-B08D-49E2C0ED17A4} = {5C359990-7D12-41B6-9129-A1DA1F550D44}
		{5CFEC7FF-8983-4A64-BC34-B0178A7224A9} = {5C359990-7D12-41B6-9129-A1DA1F550D44}
		{8F02969A-7DC9-483C-B6D1-DF853F189EEC} = {5C359990-7D12-41B6-9129-A1DA1F550D44}
	EndGlobalSection
	GlobalSection(ExtensibilityGlobals) = postSolution
		SolutionGuid = {2B23AF06-815C-4098-BFBD-26622C4B6E59}
	EndGlobalSection
EndGlobal
